
Microsoft Visual Studio Solution File, Format Version 12.00
# Visual Studio Version 17
VisualStudioVersion = 17.12.35323.107
MinimumVisualStudioVersion = 10.0.40219.1
Project("{8BC9CEB8-8B4A-11D0-8D11-00A0C91BC942}") = "02_链表", "02_链表.vcxproj", "{8C97D9AD-E7D0-4592-97F4-0F96CB94129F}"
EndProject
Project("{8BC9CEB8-8B4A-11D0-8D11-00A0C91BC942}") = "03_双向链表", "..\03_双向链表\03_双向链表.vcxproj", "{3389508D-F7EC-468E-9A6D-05BE71145911}"
EndProject
Global
	GlobalSection(SolutionConfigurationPlatforms) = preSolution
		Debug|x64 = Debug|x64
		Debug|x86 = Debug|x86
		Release|x64 = Release|x64
		Release|x86 = Release|x86
	EndGlobalSection
	GlobalSection(ProjectConfigurationPlatforms) = postSolution
		{8C97D9AD-E7D0-4592-97F4-0F96CB94129F}.Debug|x64.ActiveCfg = Debug|x64
		{8C97D9AD-E7D0-4592-97F4-0F96CB94129F}.Debug|x64.Build.0 = Debug|x64
		{8C97D9AD-E7D0-4592-97F4-0F96CB94129F}.Debug|x86.ActiveCfg = Debug|Win32
		{8C97D9AD-E7D0-4592-97F4-0F96CB94129F}.Debug|x86.Build.0 = Debug|Win32
		{8C97D9AD-E7D0-4592-97F4-0F96CB94129F}.Release|x64.ActiveCfg = Release|x64
		{8C97D9AD-E7D0-4592-97F4-0F96CB94129F}.Release|x64.Build.0 = Release|x64
		{8C97D9AD-E7D0-4592-97F4-0F96CB94129F}.Release|x86.ActiveCfg = Release|Win32
		{8C97D9AD-E7D0-4592-97F4-0F96CB94129F}.Release|x86.Build.0 = Release|Win32
		{3389508D-F7EC-468E-9A6D-05BE71145911}.Debug|x64.ActiveCfg = Debug|x64
		{3389508D-F7EC-468E-9A6D-05BE71145911}.Debug|x64.Build.0 = Debug|x64
		{3389508D-F7EC-468E-9A6D-05BE71145911}.Debug|x86.ActiveCfg = Debug|Win32
		{3389508D-F7EC-468E-9A6D-05BE71145911}.Debug|x86.Build.0 = Debug|Win32
		{3389508D-F7EC-468E-9A6D-05BE71145911}.Release|x64.ActiveCfg = Release|x64
		{3389508D-F7EC-468E-9A6D-05BE71145911}.Release|x64.Build.0 = Release|x64
		{3389508D-F7EC-468E-9A6D-05BE71145911}.Release|x86.ActiveCfg = Release|Win32
		{3389508D-F7EC-468E-9A6D-05BE71145911}.Release|x86.Build.0 = Release|Win32
	EndGlobalSection
	GlobalSection(SolutionProperties) = preSolution
		HideSolutionNode = FALSE
	EndGlobalSection
	GlobalSection(ExtensibilityGlobals) = postSolution
		SolutionGuid = {1ECB5374-7FA7-41C4-A348-D53BBAEB2494}
	EndGlobalSection
EndGlobal
